// !$*UTF8*$!
{
	archiveVersion = 1;
	classes = {
	};
	objectVersion = 55;
	objects = {

/* Begin PBXBuildFile section */
		6709C2D02835D2ED0008BE06 /* SnapKit in Frameworks */ = {isa = PBXBuildFile; productRef = 6709C2CF2835D2ED0008BE06 /* SnapKit */; };
		6729E59428601CD500585BC4 /* DefaultTabBarCoordinator.swift in Sources */ = {isa = PBXBuildFile; fileRef = 6729E59328601CD500585BC4 /* DefaultTabBarCoordinator.swift */; };
		6729E59628601D9700585BC4 /* TabBarCoordinator.swift in Sources */ = {isa = PBXBuildFile; fileRef = 6729E59528601D9700585BC4 /* TabBarCoordinator.swift */; };
		6729E5982860201A00585BC4 /* TabBarPage.swift in Sources */ = {isa = PBXBuildFile; fileRef = 6729E5972860201A00585BC4 /* TabBarPage.swift */; };
		6729E59C286025B900585BC4 /* CoordinatorFinishDelegate.swift in Sources */ = {isa = PBXBuildFile; fileRef = 6729E59B286025B900585BC4 /* CoordinatorFinishDelegate.swift */; };
		6729E59E2860316900585BC4 /* DefaultREstCoordinator.swift in Sources */ = {isa = PBXBuildFile; fileRef = 6729E59D2860316900585BC4 /* DefaultREstCoordinator.swift */; };
		6729E5A02860420500585BC4 /* CoordinatorType.swift in Sources */ = {isa = PBXBuildFile; fileRef = 6729E59F2860420500585BC4 /* CoordinatorType.swift */; };
		6729E5A2286058E700585BC4 /* AppCoordinator.swift in Sources */ = {isa = PBXBuildFile; fileRef = 6729E5A1286058E700585BC4 /* AppCoordinator.swift */; };
		6729E5A62860598700585BC4 /* DefaultAppCoordinator.swift in Sources */ = {isa = PBXBuildFile; fileRef = 6729E5A52860598600585BC4 /* DefaultAppCoordinator.swift */; };
		6729E5AA28605CF200585BC4 /* ActiveViewController.swift in Sources */ = {isa = PBXBuildFile; fileRef = 6729E5A928605CF200585BC4 /* ActiveViewController.swift */; };
		6729E5AD28605E0A00585BC4 /* ActiveViewModel.swift in Sources */ = {isa = PBXBuildFile; fileRef = 6729E5AC28605E0A00585BC4 /* ActiveViewModel.swift */; };
		6729E5B228613E1A00585BC4 /* ActiveTableViewCell.swift in Sources */ = {isa = PBXBuildFile; fileRef = 6729E5B128613E1A00585BC4 /* ActiveTableViewCell.swift */; };
		6729E5B62861B54D00585BC4 /* ActiveCoordinator.swift in Sources */ = {isa = PBXBuildFile; fileRef = 6729E5B52861B54D00585BC4 /* ActiveCoordinator.swift */; };
		6729E5B82861B56900585BC4 /* DefaultActiveCoordinator.swift in Sources */ = {isa = PBXBuildFile; fileRef = 6729E5B72861B56900585BC4 /* DefaultActiveCoordinator.swift */; };
		6729E5BC2862917300585BC4 /* DefaultActiveUseCase.swift in Sources */ = {isa = PBXBuildFile; fileRef = 6729E5BB2862917300585BC4 /* DefaultActiveUseCase.swift */; };
		6729E5BF2862919900585BC4 /* ActiveUserCase.swift in Sources */ = {isa = PBXBuildFile; fileRef = 6729E5BE2862919900585BC4 /* ActiveUserCase.swift */; };
		6729E5C2286296B600585BC4 /* DefaultActiveRepository.swift in Sources */ = {isa = PBXBuildFile; fileRef = 6729E5C1286296B600585BC4 /* DefaultActiveRepository.swift */; };
		6729E5C5286299B100585BC4 /* ActiveRepository.swift in Sources */ = {isa = PBXBuildFile; fileRef = 6729E5C4286299B100585BC4 /* ActiveRepository.swift */; };
		674F40D62856B91200006E3E /* DefaultLocationService.swift in Sources */ = {isa = PBXBuildFile; fileRef = 674F40D52856B91200006E3E /* DefaultLocationService.swift */; };
		67DA364E2834CFDF00B2CAF6 /* AppDelegate.swift in Sources */ = {isa = PBXBuildFile; fileRef = 67DA364D2834CFDF00B2CAF6 /* AppDelegate.swift */; };
		67DA36502834CFDF00B2CAF6 /* SceneDelegate.swift in Sources */ = {isa = PBXBuildFile; fileRef = 67DA364F2834CFDF00B2CAF6 /* SceneDelegate.swift */; };
		67DA36552834CFDF00B2CAF6 /* Main.storyboard in Resources */ = {isa = PBXBuildFile; fileRef = 67DA36532834CFDF00B2CAF6 /* Main.storyboard */; };
		67DA36572834CFE000B2CAF6 /* Assets.xcassets in Resources */ = {isa = PBXBuildFile; fileRef = 67DA36562834CFE000B2CAF6 /* Assets.xcassets */; };
		67DA365A2834CFE000B2CAF6 /* LaunchScreen.storyboard in Resources */ = {isa = PBXBuildFile; fileRef = 67DA36582834CFE000B2CAF6 /* LaunchScreen.storyboard */; };
		67DA36652834CFE000B2CAF6 /* REstTests.swift in Sources */ = {isa = PBXBuildFile; fileRef = 67DA36642834CFE000B2CAF6 /* REstTests.swift */; };
		67DA366F2834CFE000B2CAF6 /* REstUITests.swift in Sources */ = {isa = PBXBuildFile; fileRef = 67DA366E2834CFE000B2CAF6 /* REstUITests.swift */; };
		67DA36712834CFE000B2CAF6 /* REstUITestsLaunchTests.swift in Sources */ = {isa = PBXBuildFile; fileRef = 67DA36702834CFE000B2CAF6 /* REstUITestsLaunchTests.swift */; };
		67DA368E2834E05600B2CAF6 /* REstViewController.swift in Sources */ = {isa = PBXBuildFile; fileRef = 67DA368D2834E05600B2CAF6 /* REstViewController.swift */; };
		67E137B42852CD4600A564EC /* REstViewModel.swift in Sources */ = {isa = PBXBuildFile; fileRef = 67E137B32852CD4600A564EC /* REstViewModel.swift */; };
		67E137B72852CEDF00A564EC /* REstUseCase.swift in Sources */ = {isa = PBXBuildFile; fileRef = 67E137B62852CEDF00A564EC /* REstUseCase.swift */; };
		67E137BB2852D0C100A564EC /* LocationAuthorizationStatus.swift in Sources */ = {isa = PBXBuildFile; fileRef = 67E137BA2852D0C100A564EC /* LocationAuthorizationStatus.swift */; };
		67E137BE2852D24E00A564EC /* DefaultREstUseCase.swift in Sources */ = {isa = PBXBuildFile; fileRef = 67E137BD2852D24E00A564EC /* DefaultREstUseCase.swift */; };
		67E137C12852FFA900A564EC /* RxCocoa in Frameworks */ = {isa = PBXBuildFile; productRef = 67E137C02852FFA900A564EC /* RxCocoa */; };
		67E137C32852FFA900A564EC /* RxRelay in Frameworks */ = {isa = PBXBuildFile; productRef = 67E137C22852FFA900A564EC /* RxRelay */; };
		67E137C52852FFA900A564EC /* RxSwift in Frameworks */ = {isa = PBXBuildFile; productRef = 67E137C42852FFA900A564EC /* RxSwift */; };
		67E137C92853011900A564EC /* LocationService.swift in Sources */ = {isa = PBXBuildFile; fileRef = 67E137C82853011900A564EC /* LocationService.swift */; };
		67E137CD28531ECF00A564EC /* REstCoordinator.swift in Sources */ = {isa = PBXBuildFile; fileRef = 67E137CC28531ECF00A564EC /* REstCoordinator.swift */; };
		67E137D42853200700A564EC /* Coordinator.swift in Sources */ = {isa = PBXBuildFile; fileRef = 67E137D32853200700A564EC /* Coordinator.swift */; };
/* End PBXBuildFile section */

/* Begin PBXContainerItemProxy section */
		67DA36612834CFE000B2CAF6 /* PBXContainerItemProxy */ = {
			isa = PBXContainerItemProxy;
			containerPortal = 67DA36422834CFDF00B2CAF6 /* Project object */;
			proxyType = 1;
			remoteGlobalIDString = 67DA36492834CFDF00B2CAF6;
			remoteInfo = REst;
		};
		67DA366B2834CFE000B2CAF6 /* PBXContainerItemProxy */ = {
			isa = PBXContainerItemProxy;
			containerPortal = 67DA36422834CFDF00B2CAF6 /* Project object */;
			proxyType = 1;
			remoteGlobalIDString = 67DA36492834CFDF00B2CAF6;
			remoteInfo = REst;
		};
/* End PBXContainerItemProxy section */

/* Begin PBXFileReference section */
		6729E59328601CD500585BC4 /* DefaultTabBarCoordinator.swift */ = {isa = PBXFileReference; lastKnownFileType = sourcecode.swift; path = DefaultTabBarCoordinator.swift; sourceTree = "<group>"; };
		6729E59528601D9700585BC4 /* TabBarCoordinator.swift */ = {isa = PBXFileReference; lastKnownFileType = sourcecode.swift; path = TabBarCoordinator.swift; sourceTree = "<group>"; };
		6729E5972860201A00585BC4 /* TabBarPage.swift */ = {isa = PBXFileReference; lastKnownFileType = sourcecode.swift; path = TabBarPage.swift; sourceTree = "<group>"; };
		6729E59B286025B900585BC4 /* CoordinatorFinishDelegate.swift */ = {isa = PBXFileReference; lastKnownFileType = sourcecode.swift; path = CoordinatorFinishDelegate.swift; sourceTree = "<group>"; };
		6729E59D2860316900585BC4 /* DefaultREstCoordinator.swift */ = {isa = PBXFileReference; lastKnownFileType = sourcecode.swift; path = DefaultREstCoordinator.swift; sourceTree = "<group>"; };
		6729E59F2860420500585BC4 /* CoordinatorType.swift */ = {isa = PBXFileReference; lastKnownFileType = sourcecode.swift; path = CoordinatorType.swift; sourceTree = "<group>"; };
		6729E5A1286058E700585BC4 /* AppCoordinator.swift */ = {isa = PBXFileReference; fileEncoding = 4; lastKnownFileType = sourcecode.swift; path = AppCoordinator.swift; sourceTree = "<group>"; };
		6729E5A52860598600585BC4 /* DefaultAppCoordinator.swift */ = {isa = PBXFileReference; fileEncoding = 4; lastKnownFileType = sourcecode.swift; path = DefaultAppCoordinator.swift; sourceTree = "<group>"; };
		6729E5A928605CF200585BC4 /* ActiveViewController.swift */ = {isa = PBXFileReference; lastKnownFileType = sourcecode.swift; path = ActiveViewController.swift; sourceTree = "<group>"; };
		6729E5AC28605E0A00585BC4 /* ActiveViewModel.swift */ = {isa = PBXFileReference; lastKnownFileType = sourcecode.swift; path = ActiveViewModel.swift; sourceTree = "<group>"; };
		6729E5B128613E1A00585BC4 /* ActiveTableViewCell.swift */ = {isa = PBXFileReference; lastKnownFileType = sourcecode.swift; path = ActiveTableViewCell.swift; sourceTree = "<group>"; };
		6729E5B52861B54D00585BC4 /* ActiveCoordinator.swift */ = {isa = PBXFileReference; lastKnownFileType = sourcecode.swift; path = ActiveCoordinator.swift; sourceTree = "<group>"; };
		6729E5B72861B56900585BC4 /* DefaultActiveCoordinator.swift */ = {isa = PBXFileReference; lastKnownFileType = sourcecode.swift; path = DefaultActiveCoordinator.swift; sourceTree = "<group>"; };
		6729E5BB2862917300585BC4 /* DefaultActiveUseCase.swift */ = {isa = PBXFileReference; lastKnownFileType = sourcecode.swift; path = DefaultActiveUseCase.swift; sourceTree = "<group>"; };
		6729E5BE2862919900585BC4 /* ActiveUserCase.swift */ = {isa = PBXFileReference; lastKnownFileType = sourcecode.swift; path = ActiveUserCase.swift; sourceTree = "<group>"; };
		6729E5C1286296B600585BC4 /* DefaultActiveRepository.swift */ = {isa = PBXFileReference; lastKnownFileType = sourcecode.swift; path = DefaultActiveRepository.swift; sourceTree = "<group>"; };
		6729E5C4286299B100585BC4 /* ActiveRepository.swift */ = {isa = PBXFileReference; lastKnownFileType = sourcecode.swift; path = ActiveRepository.swift; sourceTree = "<group>"; };
		674F40D52856B91200006E3E /* DefaultLocationService.swift */ = {isa = PBXFileReference; lastKnownFileType = sourcecode.swift; path = DefaultLocationService.swift; sourceTree = "<group>"; };
		67DA364A2834CFDF00B2CAF6 /* REst.app */ = {isa = PBXFileReference; explicitFileType = wrapper.application; includeInIndex = 0; path = REst.app; sourceTree = BUILT_PRODUCTS_DIR; };
		67DA364D2834CFDF00B2CAF6 /* AppDelegate.swift */ = {isa = PBXFileReference; lastKnownFileType = sourcecode.swift; path = AppDelegate.swift; sourceTree = "<group>"; };
		67DA364F2834CFDF00B2CAF6 /* SceneDelegate.swift */ = {isa = PBXFileReference; lastKnownFileType = sourcecode.swift; path = SceneDelegate.swift; sourceTree = "<group>"; };
		67DA36542834CFDF00B2CAF6 /* Base */ = {isa = PBXFileReference; lastKnownFileType = file.storyboard; name = Base; path = Base.lproj/Main.storyboard; sourceTree = "<group>"; };
		67DA36562834CFE000B2CAF6 /* Assets.xcassets */ = {isa = PBXFileReference; lastKnownFileType = folder.assetcatalog; path = Assets.xcassets; sourceTree = "<group>"; };
		67DA36592834CFE000B2CAF6 /* Base */ = {isa = PBXFileReference; lastKnownFileType = file.storyboard; name = Base; path = Base.lproj/LaunchScreen.storyboard; sourceTree = "<group>"; };
		67DA365B2834CFE000B2CAF6 /* Info.plist */ = {isa = PBXFileReference; lastKnownFileType = text.plist.xml; path = Info.plist; sourceTree = "<group>"; };
		67DA36602834CFE000B2CAF6 /* REstTests.xctest */ = {isa = PBXFileReference; explicitFileType = wrapper.cfbundle; includeInIndex = 0; path = REstTests.xctest; sourceTree = BUILT_PRODUCTS_DIR; };
		67DA36642834CFE000B2CAF6 /* REstTests.swift */ = {isa = PBXFileReference; lastKnownFileType = sourcecode.swift; path = REstTests.swift; sourceTree = "<group>"; };
		67DA366A2834CFE000B2CAF6 /* REstUITests.xctest */ = {isa = PBXFileReference; explicitFileType = wrapper.cfbundle; includeInIndex = 0; path = REstUITests.xctest; sourceTree = BUILT_PRODUCTS_DIR; };
		67DA366E2834CFE000B2CAF6 /* REstUITests.swift */ = {isa = PBXFileReference; lastKnownFileType = sourcecode.swift; path = REstUITests.swift; sourceTree = "<group>"; };
		67DA36702834CFE000B2CAF6 /* REstUITestsLaunchTests.swift */ = {isa = PBXFileReference; lastKnownFileType = sourcecode.swift; path = REstUITestsLaunchTests.swift; sourceTree = "<group>"; };
		67DA368D2834E05600B2CAF6 /* REstViewController.swift */ = {isa = PBXFileReference; lastKnownFileType = sourcecode.swift; path = REstViewController.swift; sourceTree = "<group>"; };
		67E137B32852CD4600A564EC /* REstViewModel.swift */ = {isa = PBXFileReference; lastKnownFileType = sourcecode.swift; path = REstViewModel.swift; sourceTree = "<group>"; };
		67E137B62852CEDF00A564EC /* REstUseCase.swift */ = {isa = PBXFileReference; lastKnownFileType = sourcecode.swift; path = REstUseCase.swift; sourceTree = "<group>"; };
		67E137BA2852D0C100A564EC /* LocationAuthorizationStatus.swift */ = {isa = PBXFileReference; lastKnownFileType = sourcecode.swift; path = LocationAuthorizationStatus.swift; sourceTree = "<group>"; };
		67E137BD2852D24E00A564EC /* DefaultREstUseCase.swift */ = {isa = PBXFileReference; lastKnownFileType = sourcecode.swift; path = DefaultREstUseCase.swift; sourceTree = "<group>"; };
		67E137C82853011900A564EC /* LocationService.swift */ = {isa = PBXFileReference; lastKnownFileType = sourcecode.swift; path = LocationService.swift; sourceTree = "<group>"; };
		67E137CC28531ECF00A564EC /* REstCoordinator.swift */ = {isa = PBXFileReference; lastKnownFileType = sourcecode.swift; path = REstCoordinator.swift; sourceTree = "<group>"; };
		67E137D32853200700A564EC /* Coordinator.swift */ = {isa = PBXFileReference; lastKnownFileType = sourcecode.swift; path = Coordinator.swift; sourceTree = "<group>"; };
/* End PBXFileReference section */

/* Begin PBXFrameworksBuildPhase section */
		67DA36472834CFDF00B2CAF6 /* Frameworks */ = {
			isa = PBXFrameworksBuildPhase;
			buildActionMask = 2147483647;
			files = (
				67E137C32852FFA900A564EC /* RxRelay in Frameworks */,
				67E137C12852FFA900A564EC /* RxCocoa in Frameworks */,
				67E137C52852FFA900A564EC /* RxSwift in Frameworks */,
				6709C2D02835D2ED0008BE06 /* SnapKit in Frameworks */,
			);
			runOnlyForDeploymentPostprocessing = 0;
		};
		67DA365D2834CFE000B2CAF6 /* Frameworks */ = {
			isa = PBXFrameworksBuildPhase;
			buildActionMask = 2147483647;
			files = (
			);
			runOnlyForDeploymentPostprocessing = 0;
		};
		67DA36672834CFE000B2CAF6 /* Frameworks */ = {
			isa = PBXFrameworksBuildPhase;
			buildActionMask = 2147483647;
			files = (
			);
			runOnlyForDeploymentPostprocessing = 0;
		};
/* End PBXFrameworksBuildPhase section */

/* Begin PBXGroup section */
		6729E59A2860257900585BC4 /* Delegate */ = {
			isa = PBXGroup;
			children = (
				6729E59B286025B900585BC4 /* CoordinatorFinishDelegate.swift */,
			);
			path = Delegate;
			sourceTree = "<group>";
		};
		6729E5A728605C8D00585BC4 /* ActiveScene */ = {
			isa = PBXGroup;
			children = (
				6729E5B32861B51700585BC4 /* Coordinator */,
				6729E5AB28605DC800585BC4 /* ViewModel */,
				6729E5AE2860612F00585BC4 /* View */,
				6729E5A828605CD600585BC4 /* ViewController */,
			);
			path = ActiveScene;
			sourceTree = "<group>";
		};
		6729E5A828605CD600585BC4 /* ViewController */ = {
			isa = PBXGroup;
			children = (
				6729E5A928605CF200585BC4 /* ActiveViewController.swift */,
			);
			path = ViewController;
			sourceTree = "<group>";
		};
		6729E5AB28605DC800585BC4 /* ViewModel */ = {
			isa = PBXGroup;
			children = (
				6729E5AC28605E0A00585BC4 /* ActiveViewModel.swift */,
			);
			path = ViewModel;
			sourceTree = "<group>";
		};
		6729E5AE2860612F00585BC4 /* View */ = {
			isa = PBXGroup;
			children = (
				6729E5B128613E1A00585BC4 /* ActiveTableViewCell.swift */,
			);
			path = View;
			sourceTree = "<group>";
		};
		6729E5B32861B51700585BC4 /* Coordinator */ = {
			isa = PBXGroup;
			children = (
				6729E5B72861B56900585BC4 /* DefaultActiveCoordinator.swift */,
				6729E5B42861B52D00585BC4 /* Protocol */,
			);
			path = Coordinator;
			sourceTree = "<group>";
		};
		6729E5B42861B52D00585BC4 /* Protocol */ = {
			isa = PBXGroup;
			children = (
				6729E5B52861B54D00585BC4 /* ActiveCoordinator.swift */,
			);
			path = Protocol;
			sourceTree = "<group>";
		};
		6729E5B92862912C00585BC4 /* REst */ = {
			isa = PBXGroup;
			children = (
				67E137BD2852D24E00A564EC /* DefaultREstUseCase.swift */,
				67E137BC2852D1B900A564EC /* Protocol */,
			);
			path = REst;
			sourceTree = "<group>";
		};
		6729E5BA2862913800585BC4 /* Active */ = {
			isa = PBXGroup;
			children = (
				6729E5BB2862917300585BC4 /* DefaultActiveUseCase.swift */,
				6729E5BD2862917800585BC4 /* Protocol */,
			);
			path = Active;
			sourceTree = "<group>";
		};
		6729E5BD2862917800585BC4 /* Protocol */ = {
			isa = PBXGroup;
			children = (
				6729E5BE2862919900585BC4 /* ActiveUserCase.swift */,
			);
			path = Protocol;
			sourceTree = "<group>";
		};
		6729E5C02862969600585BC4 /* Repository */ = {
			isa = PBXGroup;
			children = (
				6729E5C1286296B600585BC4 /* DefaultActiveRepository.swift */,
				6729E5C3286296BD00585BC4 /* Protocol */,
			);
			path = Repository;
			sourceTree = "<group>";
		};
		6729E5C3286296BD00585BC4 /* Protocol */ = {
			isa = PBXGroup;
			children = (
				6729E5C4286299B100585BC4 /* ActiveRepository.swift */,
			);
			path = Protocol;
			sourceTree = "<group>";
		};
		67DA36412834CFDF00B2CAF6 = {
			isa = PBXGroup;
			children = (
				67DA364C2834CFDF00B2CAF6 /* REst */,
				67DA36632834CFE000B2CAF6 /* REstTests */,
				67DA366D2834CFE000B2CAF6 /* REstUITests */,
				67DA364B2834CFDF00B2CAF6 /* Products */,
			);
			sourceTree = "<group>";
		};
		67DA364B2834CFDF00B2CAF6 /* Products */ = {
			isa = PBXGroup;
			children = (
				67DA364A2834CFDF00B2CAF6 /* REst.app */,
				67DA36602834CFE000B2CAF6 /* REstTests.xctest */,
				67DA366A2834CFE000B2CAF6 /* REstUITests.xctest */,
			);
			name = Products;
			sourceTree = "<group>";
		};
		67DA364C2834CFDF00B2CAF6 /* REst */ = {
			isa = PBXGroup;
			children = (
				67DA365B2834CFE000B2CAF6 /* Info.plist */,
				67DA367D2834D25D00B2CAF6 /* Application */,
				67DA367E2834D27F00B2CAF6 /* Presentation */,
				67DA367F2834D2BD00B2CAF6 /* Domain */,
				67DA36802834D2C900B2CAF6 /* Data */,
				67DA36812834D31400B2CAF6 /* Infrastructure */,
				67DA36822834D33D00B2CAF6 /* Common */,
				67DA36832834D34400B2CAF6 /* Resources */,
				67E137B82852D04A00A564EC /* Util */,
			);
			path = REst;
			sourceTree = "<group>";
		};
		67DA36632834CFE000B2CAF6 /* REstTests */ = {
			isa = PBXGroup;
			children = (
				67DA36642834CFE000B2CAF6 /* REstTests.swift */,
			);
			path = REstTests;
			sourceTree = "<group>";
		};
		67DA366D2834CFE000B2CAF6 /* REstUITests */ = {
			isa = PBXGroup;
			children = (
				67DA366E2834CFE000B2CAF6 /* REstUITests.swift */,
				67DA36702834CFE000B2CAF6 /* REstUITestsLaunchTests.swift */,
			);
			path = REstUITests;
			sourceTree = "<group>";
		};
		67DA367D2834D25D00B2CAF6 /* Application */ = {
			isa = PBXGroup;
			children = (
				67DA364D2834CFDF00B2CAF6 /* AppDelegate.swift */,
				67DA364F2834CFDF00B2CAF6 /* SceneDelegate.swift */,
			);
			path = Application;
			sourceTree = "<group>";
		};
		67DA367E2834D27F00B2CAF6 /* Presentation */ = {
			isa = PBXGroup;
			children = (
				67E137CE28531F4200A564EC /* Common */,
				67DA36872834D8B900B2CAF6 /* REstScene */,
				6729E5A728605C8D00585BC4 /* ActiveScene */,
			);
			path = Presentation;
			sourceTree = "<group>";
		};
		67DA367F2834D2BD00B2CAF6 /* Domain */ = {
			isa = PBXGroup;
			children = (
				67E137B52852CE2400A564EC /* UseCase */,
			);
			path = Domain;
			sourceTree = "<group>";
		};
		67DA36802834D2C900B2CAF6 /* Data */ = {
			isa = PBXGroup;
			children = (
				6729E5C02862969600585BC4 /* Repository */,
			);
			path = Data;
			sourceTree = "<group>";
		};
		67DA36812834D31400B2CAF6 /* Infrastructure */ = {
			isa = PBXGroup;
			children = (
			);
			path = Infrastructure;
			sourceTree = "<group>";
		};
		67DA36822834D33D00B2CAF6 /* Common */ = {
			isa = PBXGroup;
			children = (
			);
			path = Common;
			sourceTree = "<group>";
		};
		67DA36832834D34400B2CAF6 /* Resources */ = {
			isa = PBXGroup;
			children = (
				67DA36852834D3CE00B2CAF6 /* Asset */,
				67DA36842834D3B500B2CAF6 /* Storyboard */,
			);
			path = Resources;
			sourceTree = "<group>";
		};
		67DA36842834D3B500B2CAF6 /* Storyboard */ = {
			isa = PBXGroup;
			children = (
				67DA36532834CFDF00B2CAF6 /* Main.storyboard */,
				67DA36582834CFE000B2CAF6 /* LaunchScreen.storyboard */,
			);
			path = Storyboard;
			sourceTree = "<group>";
		};
		67DA36852834D3CE00B2CAF6 /* Asset */ = {
			isa = PBXGroup;
			children = (
				67DA36562834CFE000B2CAF6 /* Assets.xcassets */,
			);
			path = Asset;
			sourceTree = "<group>";
		};
		67DA36872834D8B900B2CAF6 /* REstScene */ = {
			isa = PBXGroup;
			children = (
				67E137CA28531E9000A564EC /* Coordinator */,
				67DA36882834D98900B2CAF6 /* View */,
				67DA368A2834D9A000B2CAF6 /* ViewController */,
				67DA36892834D99300B2CAF6 /* ViewModel */,
			);
			path = REstScene;
			sourceTree = "<group>";
		};
		67DA36882834D98900B2CAF6 /* View */ = {
			isa = PBXGroup;
			children = (
			);
			path = View;
			sourceTree = "<group>";
		};
		67DA36892834D99300B2CAF6 /* ViewModel */ = {
			isa = PBXGroup;
			children = (
				67E137B32852CD4600A564EC /* REstViewModel.swift */,
			);
			path = ViewModel;
			sourceTree = "<group>";
		};
		67DA368A2834D9A000B2CAF6 /* ViewController */ = {
			isa = PBXGroup;
			children = (
				67DA368D2834E05600B2CAF6 /* REstViewController.swift */,
			);
			path = ViewController;
			sourceTree = "<group>";
		};
		67E137B52852CE2400A564EC /* UseCase */ = {
			isa = PBXGroup;
			children = (
				6729E5B92862912C00585BC4 /* REst */,
				6729E5BA2862913800585BC4 /* Active */,
			);
			path = UseCase;
			sourceTree = "<group>";
		};
		67E137B82852D04A00A564EC /* Util */ = {
			isa = PBXGroup;
			children = (
				67E137C6285300F300A564EC /* Service */,
				67E137B92852D05C00A564EC /* Constant */,
			);
			path = Util;
			sourceTree = "<group>";
		};
		67E137B92852D05C00A564EC /* Constant */ = {
			isa = PBXGroup;
			children = (
				67E137BA2852D0C100A564EC /* LocationAuthorizationStatus.swift */,
				6729E5972860201A00585BC4 /* TabBarPage.swift */,
				6729E59F2860420500585BC4 /* CoordinatorType.swift */,
			);
			path = Constant;
			sourceTree = "<group>";
		};
		67E137BC2852D1B900A564EC /* Protocol */ = {
			isa = PBXGroup;
			children = (
				67E137B62852CEDF00A564EC /* REstUseCase.swift */,
			);
			path = Protocol;
			sourceTree = "<group>";
		};
		67E137C6285300F300A564EC /* Service */ = {
			isa = PBXGroup;
			children = (
				67E137C72853010600A564EC /* Protocol */,
				674F40D52856B91200006E3E /* DefaultLocationService.swift */,
			);
			path = Service;
			sourceTree = "<group>";
		};
		67E137C72853010600A564EC /* Protocol */ = {
			isa = PBXGroup;
			children = (
				67E137C82853011900A564EC /* LocationService.swift */,
			);
			path = Protocol;
			sourceTree = "<group>";
		};
		67E137CA28531E9000A564EC /* Coordinator */ = {
			isa = PBXGroup;
			children = (
				6729E59D2860316900585BC4 /* DefaultREstCoordinator.swift */,
				67E137CB28531EAF00A564EC /* Protocol */,
			);
			path = Coordinator;
			sourceTree = "<group>";
		};
		67E137CB28531EAF00A564EC /* Protocol */ = {
			isa = PBXGroup;
			children = (
				67E137CC28531ECF00A564EC /* REstCoordinator.swift */,
			);
			path = Protocol;
			sourceTree = "<group>";
		};
		67E137CE28531F4200A564EC /* Common */ = {
			isa = PBXGroup;
			children = (
				67E137CF28531F9500A564EC /* Coordinator */,
			);
			path = Common;
			sourceTree = "<group>";
		};
		67E137CF28531F9500A564EC /* Coordinator */ = {
			isa = PBXGroup;
			children = (
				6729E5A52860598600585BC4 /* DefaultAppCoordinator.swift */,
				6729E59328601CD500585BC4 /* DefaultTabBarCoordinator.swift */,
				67E137D028531FB500A564EC /* Protocol */,
				6729E59A2860257900585BC4 /* Delegate */,
			);
			path = Coordinator;
			sourceTree = "<group>";
		};
		67E137D028531FB500A564EC /* Protocol */ = {
			isa = PBXGroup;
			children = (
				67E137D32853200700A564EC /* Coordinator.swift */,
				6729E5A1286058E700585BC4 /* AppCoordinator.swift */,
				6729E59528601D9700585BC4 /* TabBarCoordinator.swift */,
			);
			path = Protocol;
			sourceTree = "<group>";
		};
/* End PBXGroup section */

/* Begin PBXNativeTarget section */
		67DA36492834CFDF00B2CAF6 /* REst */ = {
			isa = PBXNativeTarget;
			buildConfigurationList = 67DA36742834CFE000B2CAF6 /* Build configuration list for PBXNativeTarget "REst" */;
			buildPhases = (
				67DA36462834CFDF00B2CAF6 /* Sources */,
				67DA36472834CFDF00B2CAF6 /* Frameworks */,
				67DA36482834CFDF00B2CAF6 /* Resources */,
			);
			buildRules = (
			);
			dependencies = (
			);
			name = REst;
			packageProductDependencies = (
				6709C2CF2835D2ED0008BE06 /* SnapKit */,
				67E137C02852FFA900A564EC /* RxCocoa */,
				67E137C22852FFA900A564EC /* RxRelay */,
				67E137C42852FFA900A564EC /* RxSwift */,
			);
			productName = REst;
			productReference = 67DA364A2834CFDF00B2CAF6 /* REst.app */;
			productType = "com.apple.product-type.application";
		};
		67DA365F2834CFE000B2CAF6 /* REstTests */ = {
			isa = PBXNativeTarget;
			buildConfigurationList = 67DA36772834CFE000B2CAF6 /* Build configuration list for PBXNativeTarget "REstTests" */;
			buildPhases = (
				67DA365C2834CFE000B2CAF6 /* Sources */,
				67DA365D2834CFE000B2CAF6 /* Frameworks */,
				67DA365E2834CFE000B2CAF6 /* Resources */,
			);
			buildRules = (
			);
			dependencies = (
				67DA36622834CFE000B2CAF6 /* PBXTargetDependency */,
			);
			name = REstTests;
			productName = REstTests;
			productReference = 67DA36602834CFE000B2CAF6 /* REstTests.xctest */;
			productType = "com.apple.product-type.bundle.unit-test";
		};
		67DA36692834CFE000B2CAF6 /* REstUITests */ = {
			isa = PBXNativeTarget;
			buildConfigurationList = 67DA367A2834CFE000B2CAF6 /* Build configuration list for PBXNativeTarget "REstUITests" */;
			buildPhases = (
				67DA36662834CFE000B2CAF6 /* Sources */,
				67DA36672834CFE000B2CAF6 /* Frameworks */,
				67DA36682834CFE000B2CAF6 /* Resources */,
			);
			buildRules = (
			);
			dependencies = (
				67DA366C2834CFE000B2CAF6 /* PBXTargetDependency */,
			);
			name = REstUITests;
			productName = REstUITests;
			productReference = 67DA366A2834CFE000B2CAF6 /* REstUITests.xctest */;
			productType = "com.apple.product-type.bundle.ui-testing";
		};
/* End PBXNativeTarget section */

/* Begin PBXProject section */
		67DA36422834CFDF00B2CAF6 /* Project object */ = {
			isa = PBXProject;
			attributes = {
				BuildIndependentTargetsInParallel = 1;
				LastSwiftUpdateCheck = 1330;
				LastUpgradeCheck = 1330;
				TargetAttributes = {
					67DA36492834CFDF00B2CAF6 = {
						CreatedOnToolsVersion = 13.3.1;
					};
					67DA365F2834CFE000B2CAF6 = {
						CreatedOnToolsVersion = 13.3.1;
						TestTargetID = 67DA36492834CFDF00B2CAF6;
					};
					67DA36692834CFE000B2CAF6 = {
						CreatedOnToolsVersion = 13.3.1;
						TestTargetID = 67DA36492834CFDF00B2CAF6;
					};
				};
			};
			buildConfigurationList = 67DA36452834CFDF00B2CAF6 /* Build configuration list for PBXProject "REst" */;
			compatibilityVersion = "Xcode 13.0";
			developmentRegion = en;
			hasScannedForEncodings = 0;
			knownRegions = (
				en,
				Base,
			);
			mainGroup = 67DA36412834CFDF00B2CAF6;
			packageReferences = (
				6709C2CD2835D1F20008BE06 /* XCRemoteSwiftPackageReference "SnapKit" */,
				6709C2CE2835D2ED0008BE06 /* XCRemoteSwiftPackageReference "SnapKit" */,
				67E137BF2852FFA900A564EC /* XCRemoteSwiftPackageReference "RxSwift" */,
			);
			productRefGroup = 67DA364B2834CFDF00B2CAF6 /* Products */;
			projectDirPath = "";
			projectRoot = "";
			targets = (
				67DA36492834CFDF00B2CAF6 /* REst */,
				67DA365F2834CFE000B2CAF6 /* REstTests */,
				67DA36692834CFE000B2CAF6 /* REstUITests */,
			);
		};
/* End PBXProject section */

/* Begin PBXResourcesBuildPhase section */
		67DA36482834CFDF00B2CAF6 /* Resources */ = {
			isa = PBXResourcesBuildPhase;
			buildActionMask = 2147483647;
			files = (
				67DA365A2834CFE000B2CAF6 /* LaunchScreen.storyboard in Resources */,
				67DA36572834CFE000B2CAF6 /* Assets.xcassets in Resources */,
				67DA36552834CFDF00B2CAF6 /* Main.storyboard in Resources */,
			);
			runOnlyForDeploymentPostprocessing = 0;
		};
		67DA365E2834CFE000B2CAF6 /* Resources */ = {
			isa = PBXResourcesBuildPhase;
			buildActionMask = 2147483647;
			files = (
			);
			runOnlyForDeploymentPostprocessing = 0;
		};
		67DA36682834CFE000B2CAF6 /* Resources */ = {
			isa = PBXResourcesBuildPhase;
			buildActionMask = 2147483647;
			files = (
			);
			runOnlyForDeploymentPostprocessing = 0;
		};
/* End PBXResourcesBuildPhase section */

/* Begin PBXSourcesBuildPhase section */
		67DA36462834CFDF00B2CAF6 /* Sources */ = {
			isa = PBXSourcesBuildPhase;
			buildActionMask = 2147483647;
			files = (
				6729E59428601CD500585BC4 /* DefaultTabBarCoordinator.swift in Sources */,
				6729E5C5286299B100585BC4 /* ActiveRepository.swift in Sources */,
				67E137B72852CEDF00A564EC /* REstUseCase.swift in Sources */,
				674F40D62856B91200006E3E /* DefaultLocationService.swift in Sources */,
				6729E5982860201A00585BC4 /* TabBarPage.swift in Sources */,
				6729E5A02860420500585BC4 /* CoordinatorType.swift in Sources */,
				67E137B42852CD4600A564EC /* REstViewModel.swift in Sources */,
				67E137D42853200700A564EC /* Coordinator.swift in Sources */,
				67E137CD28531ECF00A564EC /* REstCoordinator.swift in Sources */,
				6729E59628601D9700585BC4 /* TabBarCoordinator.swift in Sources */,
				6729E59E2860316900585BC4 /* DefaultREstCoordinator.swift in Sources */,
				6729E5B62861B54D00585BC4 /* ActiveCoordinator.swift in Sources */,
				6729E5A2286058E700585BC4 /* AppCoordinator.swift in Sources */,
				67E137C92853011900A564EC /* LocationService.swift in Sources */,
				6729E59C286025B900585BC4 /* CoordinatorFinishDelegate.swift in Sources */,
				6729E5B82861B56900585BC4 /* DefaultActiveCoordinator.swift in Sources */,
				67DA364E2834CFDF00B2CAF6 /* AppDelegate.swift in Sources */,
				6729E5A62860598700585BC4 /* DefaultAppCoordinator.swift in Sources */,
				6729E5B228613E1A00585BC4 /* ActiveTableViewCell.swift in Sources */,
				67E137BE2852D24E00A564EC /* DefaultREstUseCase.swift in Sources */,
				6729E5AA28605CF200585BC4 /* ActiveViewController.swift in Sources */,
				67DA368E2834E05600B2CAF6 /* REstViewController.swift in Sources */,
				6729E5BC2862917300585BC4 /* DefaultActiveUseCase.swift in Sources */,
				6729E5C2286296B600585BC4 /* DefaultActiveRepository.swift in Sources */,
				67E137BB2852D0C100A564EC /* LocationAuthorizationStatus.swift in Sources */,
				6729E5AD28605E0A00585BC4 /* ActiveViewModel.swift in Sources */,
				6729E5BF2862919900585BC4 /* ActiveUserCase.swift in Sources */,
				67DA36502834CFDF00B2CAF6 /* SceneDelegate.swift in Sources */,
			);
			runOnlyForDeploymentPostprocessing = 0;
		};
		67DA365C2834CFE000B2CAF6 /* Sources */ = {
			isa = PBXSourcesBuildPhase;
			buildActionMask = 2147483647;
			files = (
				67DA36652834CFE000B2CAF6 /* REstTests.swift in Sources */,
			);
			runOnlyForDeploymentPostprocessing = 0;
		};
		67DA36662834CFE000B2CAF6 /* Sources */ = {
			isa = PBXSourcesBuildPhase;
			buildActionMask = 2147483647;
			files = (
				67DA36712834CFE000B2CAF6 /* REstUITestsLaunchTests.swift in Sources */,
				67DA366F2834CFE000B2CAF6 /* REstUITests.swift in Sources */,
			);
			runOnlyForDeploymentPostprocessing = 0;
		};
/* End PBXSourcesBuildPhase section */

/* Begin PBXTargetDependency section */
		67DA36622834CFE000B2CAF6 /* PBXTargetDependency */ = {
			isa = PBXTargetDependency;
			target = 67DA36492834CFDF00B2CAF6 /* REst */;
			targetProxy = 67DA36612834CFE000B2CAF6 /* PBXContainerItemProxy */;
		};
		67DA366C2834CFE000B2CAF6 /* PBXTargetDependency */ = {
			isa = PBXTargetDependency;
			target = 67DA36492834CFDF00B2CAF6 /* REst */;
			targetProxy = 67DA366B2834CFE000B2CAF6 /* PBXContainerItemProxy */;
		};
/* End PBXTargetDependency section */

/* Begin PBXVariantGroup section */
		67DA36532834CFDF00B2CAF6 /* Main.storyboard */ = {
			isa = PBXVariantGroup;
			children = (
				67DA36542834CFDF00B2CAF6 /* Base */,
			);
			name = Main.storyboard;
			sourceTree = "<group>";
		};
		67DA36582834CFE000B2CAF6 /* LaunchScreen.storyboard */ = {
			isa = PBXVariantGroup;
			children = (
				67DA36592834CFE000B2CAF6 /* Base */,
			);
			name = LaunchScreen.storyboard;
			sourceTree = "<group>";
		};
/* End PBXVariantGroup section */

/* Begin XCBuildConfiguration section */
		67DA36722834CFE000B2CAF6 /* Debug */ = {
			isa = XCBuildConfiguration;
			buildSettings = {
				ALWAYS_SEARCH_USER_PATHS = NO;
				CLANG_ANALYZER_NONNULL = YES;
				CLANG_ANALYZER_NUMBER_OBJECT_CONVERSION = YES_AGGRESSIVE;
				CLANG_CXX_LANGUAGE_STANDARD = "gnu++17";
				CLANG_ENABLE_MODULES = YES;
				CLANG_ENABLE_OBJC_ARC = YES;
				CLANG_ENABLE_OBJC_WEAK = YES;
				CLANG_WARN_BLOCK_CAPTURE_AUTORELEASING = YES;
				CLANG_WARN_BOOL_CONVERSION = YES;
				CLANG_WARN_COMMA = YES;
				CLANG_WARN_CONSTANT_CONVERSION = YES;
				CLANG_WARN_DEPRECATED_OBJC_IMPLEMENTATIONS = YES;
				CLANG_WARN_DIRECT_OBJC_ISA_USAGE = YES_ERROR;
				CLANG_WARN_DOCUMENTATION_COMMENTS = YES;
				CLANG_WARN_EMPTY_BODY = YES;
				CLANG_WARN_ENUM_CONVERSION = YES;
				CLANG_WARN_INFINITE_RECURSION = YES;
				CLANG_WARN_INT_CONVERSION = YES;
				CLANG_WARN_NON_LITERAL_NULL_CONVERSION = YES;
				CLANG_WARN_OBJC_IMPLICIT_RETAIN_SELF = YES;
				CLANG_WARN_OBJC_LITERAL_CONVERSION = YES;
				CLANG_WARN_OBJC_ROOT_CLASS = YES_ERROR;
				CLANG_WARN_QUOTED_INCLUDE_IN_FRAMEWORK_HEADER = YES;
				CLANG_WARN_RANGE_LOOP_ANALYSIS = YES;
				CLANG_WARN_STRICT_PROTOTYPES = YES;
				CLANG_WARN_SUSPICIOUS_MOVE = YES;
				CLANG_WARN_UNGUARDED_AVAILABILITY = YES_AGGRESSIVE;
				CLANG_WARN_UNREACHABLE_CODE = YES;
				CLANG_WARN__DUPLICATE_METHOD_MATCH = YES;
				COPY_PHASE_STRIP = NO;
				DEBUG_INFORMATION_FORMAT = dwarf;
				ENABLE_STRICT_OBJC_MSGSEND = YES;
				ENABLE_TESTABILITY = YES;
				GCC_C_LANGUAGE_STANDARD = gnu11;
				GCC_DYNAMIC_NO_PIC = NO;
				GCC_NO_COMMON_BLOCKS = YES;
				GCC_OPTIMIZATION_LEVEL = 0;
				GCC_PREPROCESSOR_DEFINITIONS = (
					"DEBUG=1",
					"$(inherited)",
				);
				GCC_WARN_64_TO_32_BIT_CONVERSION = YES;
				GCC_WARN_ABOUT_RETURN_TYPE = YES_ERROR;
				GCC_WARN_UNDECLARED_SELECTOR = YES;
				GCC_WARN_UNINITIALIZED_AUTOS = YES_AGGRESSIVE;
				GCC_WARN_UNUSED_FUNCTION = YES;
				GCC_WARN_UNUSED_VARIABLE = YES;
				IPHONEOS_DEPLOYMENT_TARGET = 14.4;
				MTL_ENABLE_DEBUG_INFO = INCLUDE_SOURCE;
				MTL_FAST_MATH = YES;
				ONLY_ACTIVE_ARCH = YES;
				SDKROOT = iphoneos;
				SWIFT_ACTIVE_COMPILATION_CONDITIONS = DEBUG;
				SWIFT_OPTIMIZATION_LEVEL = "-Onone";
			};
			name = Debug;
		};
		67DA36732834CFE000B2CAF6 /* Release */ = {
			isa = XCBuildConfiguration;
			buildSettings = {
				ALWAYS_SEARCH_USER_PATHS = NO;
				CLANG_ANALYZER_NONNULL = YES;
				CLANG_ANALYZER_NUMBER_OBJECT_CONVERSION = YES_AGGRESSIVE;
				CLANG_CXX_LANGUAGE_STANDARD = "gnu++17";
				CLANG_ENABLE_MODULES = YES;
				CLANG_ENABLE_OBJC_ARC = YES;
				CLANG_ENABLE_OBJC_WEAK = YES;
				CLANG_WARN_BLOCK_CAPTURE_AUTORELEASING = YES;
				CLANG_WARN_BOOL_CONVERSION = YES;
				CLANG_WARN_COMMA = YES;
				CLANG_WARN_CONSTANT_CONVERSION = YES;
				CLANG_WARN_DEPRECATED_OBJC_IMPLEMENTATIONS = YES;
				CLANG_WARN_DIRECT_OBJC_ISA_USAGE = YES_ERROR;
				CLANG_WARN_DOCUMENTATION_COMMENTS = YES;
				CLANG_WARN_EMPTY_BODY = YES;
				CLANG_WARN_ENUM_CONVERSION = YES;
				CLANG_WARN_INFINITE_RECURSION = YES;
				CLANG_WARN_INT_CONVERSION = YES;
				CLANG_WARN_NON_LITERAL_NULL_CONVERSION = YES;
				CLANG_WARN_OBJC_IMPLICIT_RETAIN_SELF = YES;
				CLANG_WARN_OBJC_LITERAL_CONVERSION = YES;
				CLANG_WARN_OBJC_ROOT_CLASS = YES_ERROR;
				CLANG_WARN_QUOTED_INCLUDE_IN_FRAMEWORK_HEADER = YES;
				CLANG_WARN_RANGE_LOOP_ANALYSIS = YES;
				CLANG_WARN_STRICT_PROTOTYPES = YES;
				CLANG_WARN_SUSPICIOUS_MOVE = YES;
				CLANG_WARN_UNGUARDED_AVAILABILITY = YES_AGGRESSIVE;
				CLANG_WARN_UNREACHABLE_CODE = YES;
				CLANG_WARN__DUPLICATE_METHOD_MATCH = YES;
				COPY_PHASE_STRIP = NO;
				DEBUG_INFORMATION_FORMAT = "dwarf-with-dsym";
				ENABLE_NS_ASSERTIONS = NO;
				ENABLE_STRICT_OBJC_MSGSEND = YES;
				GCC_C_LANGUAGE_STANDARD = gnu11;
				GCC_NO_COMMON_BLOCKS = YES;
				GCC_WARN_64_TO_32_BIT_CONVERSION = YES;
				GCC_WARN_ABOUT_RETURN_TYPE = YES_ERROR;
				GCC_WARN_UNDECLARED_SELECTOR = YES;
				GCC_WARN_UNINITIALIZED_AUTOS = YES_AGGRESSIVE;
				GCC_WARN_UNUSED_FUNCTION = YES;
				GCC_WARN_UNUSED_VARIABLE = YES;
				IPHONEOS_DEPLOYMENT_TARGET = 14.4;
				MTL_ENABLE_DEBUG_INFO = NO;
				MTL_FAST_MATH = YES;
				SDKROOT = iphoneos;
				SWIFT_COMPILATION_MODE = wholemodule;
				SWIFT_OPTIMIZATION_LEVEL = "-O";
				VALIDATE_PRODUCT = YES;
			};
			name = Release;
		};
		67DA36752834CFE000B2CAF6 /* Debug */ = {
			isa = XCBuildConfiguration;
			buildSettings = {
				ASSETCATALOG_COMPILER_APPICON_NAME = AppIcon;
				ASSETCATALOG_COMPILER_GLOBAL_ACCENT_COLOR_NAME = AccentColor;
				CODE_SIGN_STYLE = Automatic;
				CURRENT_PROJECT_VERSION = 1;
				DEVELOPMENT_TEAM = P446D369B2;
				GENERATE_INFOPLIST_FILE = YES;
				INFOPLIST_FILE = REst/Info.plist;
				INFOPLIST_KEY_UIApplicationSupportsIndirectInputEvents = YES;
				INFOPLIST_KEY_UILaunchStoryboardName = LaunchScreen;
				INFOPLIST_KEY_UIMainStoryboardFile = Main;
				INFOPLIST_KEY_UISupportedInterfaceOrientations_iPad = "UIInterfaceOrientationPortrait UIInterfaceOrientationPortraitUpsideDown UIInterfaceOrientationLandscapeLeft UIInterfaceOrientationLandscapeRight";
				INFOPLIST_KEY_UISupportedInterfaceOrientations_iPhone = "UIInterfaceOrientationPortrait UIInterfaceOrientationLandscapeLeft UIInterfaceOrientationLandscapeRight";
				LD_RUNPATH_SEARCH_PATHS = (
					"$(inherited)",
					"@executable_path/Frameworks",
				);
				MARKETING_VERSION = 1.0;
				PRODUCT_BUNDLE_IDENTIFIER = com.eunae.REst;
				PRODUCT_NAME = "$(TARGET_NAME)";
				SWIFT_EMIT_LOC_STRINGS = YES;
				SWIFT_VERSION = 5.0;
				TARGETED_DEVICE_FAMILY = "1,2";
			};
			name = Debug;
		};
		67DA36762834CFE000B2CAF6 /* Release */ = {
			isa = XCBuildConfiguration;
			buildSettings = {
				ASSETCATALOG_COMPILER_APPICON_NAME = AppIcon;
				ASSETCATALOG_COMPILER_GLOBAL_ACCENT_COLOR_NAME = AccentColor;
				CODE_SIGN_STYLE = Automatic;
				CURRENT_PROJECT_VERSION = 1;
				DEVELOPMENT_TEAM = P446D369B2;
				GENERATE_INFOPLIST_FILE = YES;
				INFOPLIST_FILE = REst/Info.plist;
				INFOPLIST_KEY_UIApplicationSupportsIndirectInputEvents = YES;
				INFOPLIST_KEY_UILaunchStoryboardName = LaunchScreen;
				INFOPLIST_KEY_UIMainStoryboardFile = Main;
				INFOPLIST_KEY_UISupportedInterfaceOrientations_iPad = "UIInterfaceOrientationPortrait UIInterfaceOrientationPortraitUpsideDown UIInterfaceOrientationLandscapeLeft UIInterfaceOrientationLandscapeRight";
				INFOPLIST_KEY_UISupportedInterfaceOrientations_iPhone = "UIInterfaceOrientationPortrait UIInterfaceOrientationLandscapeLeft UIInterfaceOrientationLandscapeRight";
				LD_RUNPATH_SEARCH_PATHS = (
					"$(inherited)",
					"@executable_path/Frameworks",
				);
				MARKETING_VERSION = 1.0;
				PRODUCT_BUNDLE_IDENTIFIER = com.eunae.REst;
				PRODUCT_NAME = "$(TARGET_NAME)";
				SWIFT_EMIT_LOC_STRINGS = YES;
				SWIFT_VERSION = 5.0;
				TARGETED_DEVICE_FAMILY = "1,2";
			};
			name = Release;
		};
		67DA36782834CFE000B2CAF6 /* Debug */ = {
			isa = XCBuildConfiguration;
			buildSettings = {
				ALWAYS_EMBED_SWIFT_STANDARD_LIBRARIES = YES;
				BUNDLE_LOADER = "$(TEST_HOST)";
				CODE_SIGN_STYLE = Automatic;
				CURRENT_PROJECT_VERSION = 1;
				DEVELOPMENT_TEAM = P446D369B2;
				GENERATE_INFOPLIST_FILE = YES;
				IPHONEOS_DEPLOYMENT_TARGET = 15.4;
				MARKETING_VERSION = 1.0;
				PRODUCT_BUNDLE_IDENTIFIER = com.eunae.REstTests;
				PRODUCT_NAME = "$(TARGET_NAME)";
				SWIFT_EMIT_LOC_STRINGS = NO;
				SWIFT_VERSION = 5.0;
				TARGETED_DEVICE_FAMILY = "1,2";
				TEST_HOST = "$(BUILT_PRODUCTS_DIR)/REst.app/REst";
			};
			name = Debug;
		};
		67DA36792834CFE000B2CAF6 /* Release */ = {
			isa = XCBuildConfiguration;
			buildSettings = {
				ALWAYS_EMBED_SWIFT_STANDARD_LIBRARIES = YES;
				BUNDLE_LOADER = "$(TEST_HOST)";
				CODE_SIGN_STYLE = Automatic;
				CURRENT_PROJECT_VERSION = 1;
				DEVELOPMENT_TEAM = P446D369B2;
				GENERATE_INFOPLIST_FILE = YES;
				IPHONEOS_DEPLOYMENT_TARGET = 15.4;
				MARKETING_VERSION = 1.0;
				PRODUCT_BUNDLE_IDENTIFIER = com.eunae.REstTests;
				PRODUCT_NAME = "$(TARGET_NAME)";
				SWIFT_EMIT_LOC_STRINGS = NO;
				SWIFT_VERSION = 5.0;
				TARGETED_DEVICE_FAMILY = "1,2";
				TEST_HOST = "$(BUILT_PRODUCTS_DIR)/REst.app/REst";
			};
			name = Release;
		};
		67DA367B2834CFE000B2CAF6 /* Debug */ = {
			isa = XCBuildConfiguration;
			buildSettings = {
				ALWAYS_EMBED_SWIFT_STANDARD_LIBRARIES = YES;
				CODE_SIGN_STYLE = Automatic;
				CURRENT_PROJECT_VERSION = 1;
				DEVELOPMENT_TEAM = P446D369B2;
				GENERATE_INFOPLIST_FILE = YES;
				MARKETING_VERSION = 1.0;
				PRODUCT_BUNDLE_IDENTIFIER = com.eunae.REstUITests;
				PRODUCT_NAME = "$(TARGET_NAME)";
				SWIFT_EMIT_LOC_STRINGS = NO;
				SWIFT_VERSION = 5.0;
				TARGETED_DEVICE_FAMILY = "1,2";
				TEST_TARGET_NAME = REst;
			};
			name = Debug;
		};
		67DA367C2834CFE000B2CAF6 /* Release */ = {
			isa = XCBuildConfiguration;
			buildSettings = {
				ALWAYS_EMBED_SWIFT_STANDARD_LIBRARIES = YES;
				CODE_SIGN_STYLE = Automatic;
				CURRENT_PROJECT_VERSION = 1;
				DEVELOPMENT_TEAM = P446D369B2;
				GENERATE_INFOPLIST_FILE = YES;
				MARKETING_VERSION = 1.0;
				PRODUCT_BUNDLE_IDENTIFIER = com.eunae.REstUITests;
				PRODUCT_NAME = "$(TARGET_NAME)";
				SWIFT_EMIT_LOC_STRINGS = NO;
				SWIFT_VERSION = 5.0;
				TARGETED_DEVICE_FAMILY = "1,2";
				TEST_TARGET_NAME = REst;
			};
			name = Release;
		};
/* End XCBuildConfiguration section */

/* Begin XCConfigurationList section */
		67DA36452834CFDF00B2CAF6 /* Build configuration list for PBXProject "REst" */ = {
			isa = XCConfigurationList;
			buildConfigurations = (
				67DA36722834CFE000B2CAF6 /* Debug */,
				67DA36732834CFE000B2CAF6 /* Release */,
			);
			defaultConfigurationIsVisible = 0;
			defaultConfigurationName = Release;
		};
		67DA36742834CFE000B2CAF6 /* Build configuration list for PBXNativeTarget "REst" */ = {
			isa = XCConfigurationList;
			buildConfigurations = (
				67DA36752834CFE000B2CAF6 /* Debug */,
				67DA36762834CFE000B2CAF6 /* Release */,
			);
			defaultConfigurationIsVisible = 0;
			defaultConfigurationName = Release;
		};
		67DA36772834CFE000B2CAF6 /* Build configuration list for PBXNativeTarget "REstTests" */ = {
			isa = XCConfigurationList;
			buildConfigurations = (
				67DA36782834CFE000B2CAF6 /* Debug */,
				67DA36792834CFE000B2CAF6 /* Release */,
			);
			defaultConfigurationIsVisible = 0;
			defaultConfigurationName = Release;
		};
		67DA367A2834CFE000B2CAF6 /* Build configuration list for PBXNativeTarget "REstUITests" */ = {
			isa = XCConfigurationList;
			buildConfigurations = (
				67DA367B2834CFE000B2CAF6 /* Debug */,
				67DA367C2834CFE000B2CAF6 /* Release */,
			);
			defaultConfigurationIsVisible = 0;
			defaultConfigurationName = Release;
		};
/* End XCConfigurationList section */

/* Begin XCRemoteSwiftPackageReference section */
		6709C2CD2835D1F20008BE06 /* XCRemoteSwiftPackageReference "SnapKit" */ = {
			isa = XCRemoteSwiftPackageReference;
			repositoryURL = "https://github.com/SnapKit/SnapKit.git";
			requirement = {
				kind = upToNextMajorVersion;
				minimumVersion = 5.0.0;
			};
		};
		6709C2CE2835D2ED0008BE06 /* XCRemoteSwiftPackageReference "SnapKit" */ = {
			isa = XCRemoteSwiftPackageReference;
			repositoryURL = "https://github.com/SnapKit/SnapKit.git";
			requirement = {
				branch = develop;
				kind = branch;
			};
		};
		67E137BF2852FFA900A564EC /* XCRemoteSwiftPackageReference "RxSwift" */ = {
			isa = XCRemoteSwiftPackageReference;
			repositoryURL = "https://github.com/ReactiveX/RxSwift";
			requirement = {
				kind = upToNextMajorVersion;
				minimumVersion = 6.0.0;
			};
		};
/* End XCRemoteSwiftPackageReference section */

/* Begin XCSwiftPackageProductDependency section */
		6709C2CF2835D2ED0008BE06 /* SnapKit */ = {
			isa = XCSwiftPackageProductDependency;
			package = 6709C2CE2835D2ED0008BE06 /* XCRemoteSwiftPackageReference "SnapKit" */;
			productName = SnapKit;
		};
		67E137C02852FFA900A564EC /* RxCocoa */ = {
			isa = XCSwiftPackageProductDependency;
			package = 67E137BF2852FFA900A564EC /* XCRemoteSwiftPackageReference "RxSwift" */;
			productName = RxCocoa;
		};
		67E137C22852FFA900A564EC /* RxRelay */ = {
			isa = XCSwiftPackageProductDependency;
			package = 67E137BF2852FFA900A564EC /* XCRemoteSwiftPackageReference "RxSwift" */;
			productName = RxRelay;
		};
		67E137C42852FFA900A564EC /* RxSwift */ = {
			isa = XCSwiftPackageProductDependency;
			package = 67E137BF2852FFA900A564EC /* XCRemoteSwiftPackageReference "RxSwift" */;
			productName = RxSwift;
		};
/* End XCSwiftPackageProductDependency section */
	};
	rootObject = 67DA36422834CFDF00B2CAF6 /* Project object */;
}
